
Microsoft Visual Studio Solution File, Format Version 12.00
# Visual Studio Version 17
VisualStudioVersion = 17.14.36203.30 d17.14
MinimumVisualStudioVersion = 10.0.40219.1
Project("{8BC9CEB8-8B4A-11D0-8D11-00A0C91BC942}") = "Lesson #31 - Strings", "Lesson #31 - Strings.vcxproj", "{BE5FE86C-99F0-40A7-9917-60A7F1F8B13F}"
EndProject
Global
	GlobalSection(SolutionConfigurationPlatforms) = preSolution
		Debug|x64 = Debug|x64
		Debug|x86 = Debug|x86
		Release|x64 = Release|x64
		Release|x86 = Release|x86
	EndGlobalSection
	GlobalSection(ProjectConfigurationPlatforms) = postSolution
		{BE5FE86C-99F0-40A7-9917-60A7F1F8B13F}.Debug|x64.ActiveCfg = Debug|x64
		{BE5FE86C-99F0-40A7-9917-60A7F1F8B13F}.Debug|x64.Build.0 = Debug|x64
		{BE5FE86C-99F0-40A7-9917-60A7F1F8B13F}.Debug|x86.ActiveCfg = Debug|Win32
		{BE5FE86C-99F0-40A7-9917-60A7F1F8B13F}.Debug|x86.Build.0 = Debug|Win32
		{BE5FE86C-99F0-40A7-9917-60A7F1F8B13F}.Release|x64.ActiveCfg = Release|x64
		{BE5FE86C-99F0-40A7-9917-60A7F1F8B13F}.Release|x64.Build.0 = Release|x64
		{BE5FE86C-99F0-40A7-9917-60A7F1F8B13F}.Release|x86.ActiveCfg = Release|Win32
		{BE5FE86C-99F0-40A7-9917-60A7F1F8B13F}.Release|x86.Build.0 = Release|Win32
	EndGlobalSection
	GlobalSection(SolutionProperties) = preSolution
		HideSolutionNode = FALSE
	EndGlobalSection
	GlobalSection(ExtensibilityGlobals) = postSolution
		SolutionGuid = {8F328D8F-BD3D-4594-84E1-4A8AB2E3187A}
	EndGlobalSection
EndGlobal
